# This file is automatically @generated by Cargo.
# It is not intended for manual editing.
version = 4

[[package]]
name = "rvtime-guest"
version = "0.0.1"
source = "registry+https://github.com/rust-lang/crates.io-index"
checksum = "90ee27d2b38b8f7ce753eb0e68e9c556bbdd38f85c11bca5886c1d13359854e0"

[[package]]
name = "spike"
version = "0.0.0"
dependencies = [
 "rvtime-guest",
]
